{
  "lockfileVersion": 1,
  "configVersion": 1,
  "workspaces": {
    "": {
      "name": "kvs-server-app",
      "dependencies": {
        "@coderbuzz/kvs": "^0.2.25",
        "@coderbuzz/kvs-server": "^0.1.24",
        "@coderbuzz/velox": "^0.3.23",
      },
      "devDependencies": {
        "@types/bun": "^1.3.14",
      },
    },
  },
  "packages": {
    "@coderbuzz/kvs": ["@coderbuzz/kvs@0.2.25", "", {}, "sha512-TEdM9J//vrhJGgAqQbN18AvXUSNUor70undcy70JX1p2T46KO4vC04HkNvJ6Nwo44Zip6coorHYu4xQq/eo9ZQ=="],

    "@coderbuzz/kvs-server": ["@coderbuzz/kvs-server@0.1.24", "", { "dependencies": { "@coderbuzz/veta": "^0.2.22" }, "peerDependencies": { "@coderbuzz/kvs": "^0.2.25", "@coderbuzz/velox": "^0.3.23" } }, "sha512-ySA0yC1tXINr4+H+0hE9Vq12L+SQtcaXfNwK86IIT/jPEcEHnwqeQRknlSMB7cTpxrFfOauLcPqcC9wY94l0qA=="],

    "@coderbuzz/velox": ["@coderbuzz/velox@0.3.23", "", {}, "sha512-zTcRKtyfY2HYrd0VT9UEPbjAtaybueUVRJiZrDyrcO771b0zI/a770oIPMbGKdsiopuZT9bFlsu8yW2mt14MEg=="],

    "@coderbuzz/veta": ["@coderbuzz/veta@0.2.22", "", {}, "sha512-7fwiyXtin5NPPNEky59rrGD6CF0W7nN2V6KcVggtDuv7tTyPT/soZucci0LQYBuWL1G1KXDS6PgKcGjXtaxoJQ=="],

    "@types/bun": ["@types/bun@1.3.14", "", { "dependencies": { "bun-types": "1.3.14" } }, "sha512-h1hFqFVcvAvD9j9K7ZW7vd82aSA+rTdznZa+5bwvCwqSB1jmmfLcbIWhOLx1/+boy/xmjgCs/OMUL8hRJSmnPw=="],

    "@types/node": ["@types/node@26.0.0", "", { "dependencies": { "undici-types": "~8.3.0" } }, "sha512-vf2YFi1iY9lHGwNJMs01biZFbKJkrZR1T6/MlzjhJLPdntOHLhTrDSnSVcdtvjihi4VQNlrFRIxLsDBlQpAipA=="],

    "bun-types": ["bun-types@1.3.14", "", { "dependencies": { "@types/node": "*" } }, "sha512-4N0ig0fEomHt5R0KCFWjovxow98rIoRwKolrYdCcknNwMekCXRnWEUvgu5soYV8QXtVsrUD8B95MBOZGPvr6KQ=="],

    "undici-types": ["undici-types@8.3.0", "", {}, "sha512-j375ScV60dom+YkPFIfTLcOiPxkN/buHz5GobjLhixFuANaNs3C9l4GmrWqejgXWJ7BbJcFYpTEUkS1Ge8bpZQ=="],
  }
}
